// !$*UTF8*$!
{
	archiveVersion = 1;
	classes = {
	};
	objectVersion = 55;
	objects = {

/* Begin PBXBuildFile section */
		3BABE3852813C45600A82DB6 /* AppDelegate.swift in Sources */ = {isa = PBXBuildFile; fileRef = 3BABE3842813C45600A82DB6 /* AppDelegate.swift */; };
		3BABE3872813C45600A82DB6 /* SceneDelegate.swift in Sources */ = {isa = PBXBuildFile; fileRef = 3BABE3862813C45600A82DB6 /* SceneDelegate.swift */; };
		3BABE3892813C45600A82DB6 /* ViewController.swift in Sources */ = {isa = PBXBuildFile; fileRef = 3BABE3882813C45600A82DB6 /* ViewController.swift */; };
		3BABE38C2813C45600A82DB6 /* Main.storyboard in Resources */ = {isa = PBXBuildFile; fileRef = 3BABE38A2813C45600A82DB6 /* Main.storyboard */; };
		3BABE38E2813C45700A82DB6 /* Assets.xcassets in Resources */ = {isa = PBXBuildFile; fileRef = 3BABE38D2813C45700A82DB6 /* Assets.xcassets */; };
		3BABE3912813C45700A82DB6 /* LaunchScreen.storyboard in Resources */ = {isa = PBXBuildFile; fileRef = 3BABE38F2813C45700A82DB6 /* LaunchScreen.storyboard */; };
		3BABE39A2813CFF500A82DB6 /* Delegate.storyboard in Resources */ = {isa = PBXBuildFile; fileRef = 3BABE3992813CFF500A82DB6 /* Delegate.storyboard */; };
		3BABE39C2813D00100A82DB6 /* DelegateViewController.swift in Sources */ = {isa = PBXBuildFile; fileRef = 3BABE39B2813D00100A82DB6 /* DelegateViewController.swift */; };
		3BABE39E2813D80100A82DB6 /* SecondViewController.swift in Sources */ = {isa = PBXBuildFile; fileRef = 3BABE39D2813D80100A82DB6 /* SecondViewController.swift */; };
		3BABE3A22813DEC100A82DB6 /* TableView.storyboard in Resources */ = {isa = PBXBuildFile; fileRef = 3BABE3A12813DEC100A82DB6 /* TableView.storyboard */; };
		3BABE3A42813DEDC00A82DB6 /* TableViewViewController.swift in Sources */ = {isa = PBXBuildFile; fileRef = 3BABE3A32813DEDC00A82DB6 /* TableViewViewController.swift */; };
		3BABE3A72813DFC500A82DB6 /* MusicTableViewCell.swift in Sources */ = {isa = PBXBuildFile; fileRef = 3BABE3A52813DFC500A82DB6 /* MusicTableViewCell.swift */; };
		3BABE3A82813DFC500A82DB6 /* MusicTableViewCell.xib in Resources */ = {isa = PBXBuildFile; fileRef = 3BABE3A62813DFC500A82DB6 /* MusicTableViewCell.xib */; };
		3BABE3AA2813E46C00A82DB6 /* MusicDataModel.swift in Sources */ = {isa = PBXBuildFile; fileRef = 3BABE3A92813E46C00A82DB6 /* MusicDataModel.swift */; };
		3BABE3AD2813EE8500A82DB6 /* CollectionView.storyboard in Resources */ = {isa = PBXBuildFile; fileRef = 3BABE3AC2813EE8500A82DB6 /* CollectionView.storyboard */; };
		3BABE3B12813EEE300A82DB6 /* CollectionViewViewController.swift in Sources */ = {isa = PBXBuildFile; fileRef = 3BABE3B02813EEE300A82DB6 /* CollectionViewViewController.swift */; };
		3BABE3B62813EFD900A82DB6 /* MusicCollectionViewCell.swift in Sources */ = {isa = PBXBuildFile; fileRef = 3BABE3B42813EFD900A82DB6 /* MusicCollectionViewCell.swift */; };
		3BABE3B72813EFD900A82DB6 /* MusicCollectionViewCell.xib in Resources */ = {isa = PBXBuildFile; fileRef = 3BABE3B52813EFD900A82DB6 /* MusicCollectionViewCell.xib */; };
		3BABE3B92813F14000A82DB6 /* AlbumDataModel.swift in Sources */ = {isa = PBXBuildFile; fileRef = 3BABE3B82813F14000A82DB6 /* AlbumDataModel.swift */; };
/* End PBXBuildFile section */

/* Begin PBXFileReference section */
		3BABE3812813C45600A82DB6 /* 3th_semina.app */ = {isa = PBXFileReference; explicitFileType = wrapper.application; includeInIndex = 0; path = 3th_semina.app; sourceTree = BUILT_PRODUCTS_DIR; };
		3BABE3842813C45600A82DB6 /* AppDelegate.swift */ = {isa = PBXFileReference; lastKnownFileType = sourcecode.swift; path = AppDelegate.swift; sourceTree = "<group>"; };
		3BABE3862813C45600A82DB6 /* SceneDelegate.swift */ = {isa = PBXFileReference; lastKnownFileType = sourcecode.swift; path = SceneDelegate.swift; sourceTree = "<group>"; };
		3BABE3882813C45600A82DB6 /* ViewController.swift */ = {isa = PBXFileReference; lastKnownFileType = sourcecode.swift; path = ViewController.swift; sourceTree = "<group>"; };
		3BABE38B2813C45600A82DB6 /* Base */ = {isa = PBXFileReference; lastKnownFileType = file.storyboard; name = Base; path = Base.lproj/Main.storyboard; sourceTree = "<group>"; };
		3BABE38D2813C45700A82DB6 /* Assets.xcassets */ = {isa = PBXFileReference; lastKnownFileType = folder.assetcatalog; path = Assets.xcassets; sourceTree = "<group>"; };
		3BABE3902813C45700A82DB6 /* Base */ = {isa = PBXFileReference; lastKnownFileType = file.storyboard; name = Base; path = Base.lproj/LaunchScreen.storyboard; sourceTree = "<group>"; };
		3BABE3922813C45700A82DB6 /* Info.plist */ = {isa = PBXFileReference; lastKnownFileType = text.plist.xml; path = Info.plist; sourceTree = "<group>"; };
		3BABE3992813CFF500A82DB6 /* Delegate.storyboard */ = {isa = PBXFileReference; lastKnownFileType = file.storyboard; path = Delegate.storyboard; sourceTree = "<group>"; };
		3BABE39B2813D00100A82DB6 /* DelegateViewController.swift */ = {isa = PBXFileReference; lastKnownFileType = sourcecode.swift; path = DelegateViewController.swift; sourceTree = "<group>"; };
		3BABE39D2813D80100A82DB6 /* SecondViewController.swift */ = {isa = PBXFileReference; lastKnownFileType = sourcecode.swift; path = SecondViewController.swift; sourceTree = "<group>"; };
		3BABE3A12813DEC100A82DB6 /* TableView.storyboard */ = {isa = PBXFileReference; lastKnownFileType = file.storyboard; path = TableView.storyboard; sourceTree = "<group>"; };
		3BABE3A32813DEDC00A82DB6 /* TableViewViewController.swift */ = {isa = PBXFileReference; lastKnownFileType = sourcecode.swift; path = TableViewViewController.swift; sourceTree = "<group>"; };
		3BABE3A52813DFC500A82DB6 /* MusicTableViewCell.swift */ = {isa = PBXFileReference; lastKnownFileType = sourcecode.swift; path = MusicTableViewCell.swift; sourceTree = "<group>"; };
		3BABE3A62813DFC500A82DB6 /* MusicTableViewCell.xib */ = {isa = PBXFileReference; lastKnownFileType = file.xib; path = MusicTableViewCell.xib; sourceTree = "<group>"; };
		3BABE3A92813E46C00A82DB6 /* MusicDataModel.swift */ = {isa = PBXFileReference; lastKnownFileType = sourcecode.swift; path = MusicDataModel.swift; sourceTree = "<group>"; };
		3BABE3AC2813EE8500A82DB6 /* CollectionView.storyboard */ = {isa = PBXFileReference; lastKnownFileType = file.storyboard; path = CollectionView.storyboard; sourceTree = "<group>"; };
		3BABE3B02813EEE300A82DB6 /* CollectionViewViewController.swift */ = {isa = PBXFileReference; lastKnownFileType = sourcecode.swift; path = CollectionViewViewController.swift; sourceTree = "<group>"; };
		3BABE3B42813EFD900A82DB6 /* MusicCollectionViewCell.swift */ = {isa = PBXFileReference; lastKnownFileType = sourcecode.swift; path = MusicCollectionViewCell.swift; sourceTree = "<group>"; };
		3BABE3B52813EFD900A82DB6 /* MusicCollectionViewCell.xib */ = {isa = PBXFileReference; lastKnownFileType = file.xib; path = MusicCollectionViewCell.xib; sourceTree = "<group>"; };
		3BABE3B82813F14000A82DB6 /* AlbumDataModel.swift */ = {isa = PBXFileReference; lastKnownFileType = sourcecode.swift; path = AlbumDataModel.swift; sourceTree = "<group>"; };
/* End PBXFileReference section */

/* Begin PBXFrameworksBuildPhase section */
		3BABE37E2813C45600A82DB6 /* Frameworks */ = {
			isa = PBXFrameworksBuildPhase;
			buildActionMask = 2147483647;
			files = (
			);
			runOnlyForDeploymentPostprocessing = 0;
		};
/* End PBXFrameworksBuildPhase section */

/* Begin PBXGroup section */
		3BABE3782813C45600A82DB6 = {
			isa = PBXGroup;
			children = (
				3BABE3832813C45600A82DB6 /* 3th_semina */,
				3BABE3822813C45600A82DB6 /* Products */,
			);
			sourceTree = "<group>";
		};
		3BABE3822813C45600A82DB6 /* Products */ = {
			isa = PBXGroup;
			children = (
				3BABE3812813C45600A82DB6 /* 3th_semina.app */,
			);
			name = Products;
			sourceTree = "<group>";
		};
		3BABE3832813C45600A82DB6 /* 3th_semina */ = {
			isa = PBXGroup;
			children = (
				3BABE3AB2813EE6100A82DB6 /* CollectionView */,
				3BABE3A02813DEAD00A82DB6 /* TableView */,
				3BABE3982813CFE400A82DB6 /* Delegate */,
				3BABE3842813C45600A82DB6 /* AppDelegate.swift */,
				3BABE3862813C45600A82DB6 /* SceneDelegate.swift */,
				3BABE3882813C45600A82DB6 /* ViewController.swift */,
				3BABE38A2813C45600A82DB6 /* Main.storyboard */,
				3BABE38D2813C45700A82DB6 /* Assets.xcassets */,
				3BABE38F2813C45700A82DB6 /* LaunchScreen.storyboard */,
				3BABE3922813C45700A82DB6 /* Info.plist */,
			);
			path = 3th_semina;
			sourceTree = "<group>";
		};
		3BABE3982813CFE400A82DB6 /* Delegate */ = {
			isa = PBXGroup;
			children = (
				3BABE3992813CFF500A82DB6 /* Delegate.storyboard */,
				3BABE39B2813D00100A82DB6 /* DelegateViewController.swift */,
				3BABE39D2813D80100A82DB6 /* SecondViewController.swift */,
			);
			path = Delegate;
			sourceTree = "<group>";
		};
		3BABE3A02813DEAD00A82DB6 /* TableView */ = {
			isa = PBXGroup;
			children = (
				3BABE3A12813DEC100A82DB6 /* TableView.storyboard */,
				3BABE3A32813DEDC00A82DB6 /* TableViewViewController.swift */,
				3BABE3A52813DFC500A82DB6 /* MusicTableViewCell.swift */,
				3BABE3A62813DFC500A82DB6 /* MusicTableViewCell.xib */,
				3BABE3A92813E46C00A82DB6 /* MusicDataModel.swift */,
			);
			path = TableView;
			sourceTree = "<group>";
		};
		3BABE3AB2813EE6100A82DB6 /* CollectionView */ = {
			isa = PBXGroup;
			children = (
				3BABE3AC2813EE8500A82DB6 /* CollectionView.storyboard */,
				3BABE3B02813EEE300A82DB6 /* CollectionViewViewController.swift */,
				3BABE3B42813EFD900A82DB6 /* MusicCollectionViewCell.swift */,
				3BABE3B52813EFD900A82DB6 /* MusicCollectionViewCell.xib */,
				3BABE3B82813F14000A82DB6 /* AlbumDataModel.swift */,
			);
			path = CollectionView;
			sourceTree = "<group>";
		};
/* End PBXGroup section */

/* Begin PBXNativeTarget section */
		3BABE3802813C45600A82DB6 /* 3th_semina */ = {
			isa = PBXNativeTarget;
			buildConfigurationList = 3BABE3952813C45700A82DB6 /* Build configuration list for PBXNativeTarget "3th_semina" */;
			buildPhases = (
				3BABE37D2813C45600A82DB6 /* Sources */,
				3BABE37E2813C45600A82DB6 /* Frameworks */,
				3BABE37F2813C45600A82DB6 /* Resources */,
			);
			buildRules = (
			);
			dependencies = (
			);
			name = 3th_semina;
			productName = 3th_semina;
			productReference = 3BABE3812813C45600A82DB6 /* 3th_semina.app */;
			productType = "com.apple.product-type.application";
		};
/* End PBXNativeTarget section */

/* Begin PBXProject section */
		3BABE3792813C45600A82DB6 /* Project object */ = {
			isa = PBXProject;
			attributes = {
				BuildIndependentTargetsInParallel = 1;
				LastSwiftUpdateCheck = 1330;
				LastUpgradeCheck = 1330;
				TargetAttributes = {
					3BABE3802813C45600A82DB6 = {
						CreatedOnToolsVersion = 13.3.1;
					};
				};
			};
			buildConfigurationList = 3BABE37C2813C45600A82DB6 /* Build configuration list for PBXProject "3th_semina" */;
			compatibilityVersion = "Xcode 13.0";
			developmentRegion = en;
			hasScannedForEncodings = 0;
			knownRegions = (
				en,
				Base,
			);
			mainGroup = 3BABE3782813C45600A82DB6;
			productRefGroup = 3BABE3822813C45600A82DB6 /* Products */;
			projectDirPath = "";
			projectRoot = "";
			targets = (
				3BABE3802813C45600A82DB6 /* 3th_semina */,
			);
		};
/* End PBXProject section */

/* Begin PBXResourcesBuildPhase section */
		3BABE37F2813C45600A82DB6 /* Resources */ = {
			isa = PBXResourcesBuildPhase;
			buildActionMask = 2147483647;
			files = (
				3BABE3912813C45700A82DB6 /* LaunchScreen.storyboard in Resources */,
				3BABE39A2813CFF500A82DB6 /* Delegate.storyboard in Resources */,
				3BABE3A22813DEC100A82DB6 /* TableView.storyboard in Resources */,
				3BABE3A82813DFC500A82DB6 /* MusicTableViewCell.xib in Resources */,
				3BABE3B72813EFD900A82DB6 /* MusicCollectionViewCell.xib in Resources */,
				3BABE38E2813C45700A82DB6 /* Assets.xcassets in Resources */,
				3BABE3AD2813EE8500A82DB6 /* CollectionView.storyboard in Resources */,
				3BABE38C2813C45600A82DB6 /* Main.storyboard in Resources */,
			);
			runOnlyForDeploymentPostprocessing = 0;
		};
/* End PBXResourcesBuildPhase section */

/* Begin PBXSourcesBuildPhase section */
		3BABE37D2813C45600A82DB6 /* Sources */ = {
			isa = PBXSourcesBuildPhase;
			buildActionMask = 2147483647;
			files = (
				3BABE3892813C45600A82DB6 /* ViewController.swift in Sources */,
				3BABE39C2813D00100A82DB6 /* DelegateViewController.swift in Sources */,
				3BABE3852813C45600A82DB6 /* AppDelegate.swift in Sources */,
				3BABE3AA2813E46C00A82DB6 /* MusicDataModel.swift in Sources */,
				3BABE3B92813F14000A82DB6 /* AlbumDataModel.swift in Sources */,
				3BABE39E2813D80100A82DB6 /* SecondViewController.swift in Sources */,
				3BABE3A72813DFC500A82DB6 /* MusicTableViewCell.swift in Sources */,
				3BABE3B62813EFD900A82DB6 /* MusicCollectionViewCell.swift in Sources */,
				3BABE3A42813DEDC00A82DB6 /* TableViewViewController.swift in Sources */,
				3BABE3872813C45600A82DB6 /* SceneDelegate.swift in Sources */,
				3BABE3B12813EEE300A82DB6 /* CollectionViewViewController.swift in Sources */,
			);
			runOnlyForDeploymentPostprocessing = 0;
		};
/* End PBXSourcesBuildPhase section */

/* Begin PBXVariantGroup section */
		3BABE38A2813C45600A82DB6 /* Main.storyboard */ = {
			isa = PBXVariantGroup;
			children = (
				3BABE38B2813C45600A82DB6 /* Base */,
			);
			name = Main.storyboard;
			sourceTree = "<group>";
		};
		3BABE38F2813C45700A82DB6 /* LaunchScreen.storyboard */ = {
			isa = PBXVariantGroup;
			children = (
				3BABE3902813C45700A82DB6 /* Base */,
			);
			name = LaunchScreen.storyboard;
			sourceTree = "<group>";
		};
/* End PBXVariantGroup section */

/* Begin XCBuildConfiguration section */
		3BABE3932813C45700A82DB6 /* Debug */ = {
			isa = XCBuildConfiguration;
			buildSettings = {
				ALWAYS_SEARCH_USER_PATHS = NO;
				CLANG_ANALYZER_NONNULL = YES;
				CLANG_ANALYZER_NUMBER_OBJECT_CONVERSION = YES_AGGRESSIVE;
				CLANG_CXX_LANGUAGE_STANDARD = "gnu++17";
				CLANG_ENABLE_MODULES = YES;
				CLANG_ENABLE_OBJC_ARC = YES;
				CLANG_ENABLE_OBJC_WEAK = YES;
				CLANG_WARN_BLOCK_CAPTURE_AUTORELEASING = YES;
				CLANG_WARN_BOOL_CONVERSION = YES;
				CLANG_WARN_COMMA = YES;
				CLANG_WARN_CONSTANT_CONVERSION = YES;
				CLANG_WARN_DEPRECATED_OBJC_IMPLEMENTATIONS = YES;
				CLANG_WARN_DIRECT_OBJC_ISA_USAGE = YES_ERROR;
				CLANG_WARN_DOCUMENTATION_COMMENTS = YES;
				CLANG_WARN_EMPTY_BODY = YES;
				CLANG_WARN_ENUM_CONVERSION = YES;
				CLANG_WARN_INFINITE_RECURSION = YES;
				CLANG_WARN_INT_CONVERSION = YES;
				CLANG_WARN_NON_LITERAL_NULL_CONVERSION = YES;
				CLANG_WARN_OBJC_IMPLICIT_RETAIN_SELF = YES;
				CLANG_WARN_OBJC_LITERAL_CONVERSION = YES;
				CLANG_WARN_OBJC_ROOT_CLASS = YES_ERROR;
				CLANG_WARN_QUOTED_INCLUDE_IN_FRAMEWORK_HEADER = YES;
				CLANG_WARN_RANGE_LOOP_ANALYSIS = YES;
				CLANG_WARN_STRICT_PROTOTYPES = YES;
				CLANG_WARN_SUSPICIOUS_MOVE = YES;
				CLANG_WARN_UNGUARDED_AVAILABILITY = YES_AGGRESSIVE;
				CLANG_WARN_UNREACHABLE_CODE = YES;
				CLANG_WARN__DUPLICATE_METHOD_MATCH = YES;
				COPY_PHASE_STRIP = NO;
				DEBUG_INFORMATION_FORMAT = dwarf;
				ENABLE_STRICT_OBJC_MSGSEND = YES;
				ENABLE_TESTABILITY = YES;
				GCC_C_LANGUAGE_STANDARD = gnu11;
				GCC_DYNAMIC_NO_PIC = NO;
				GCC_NO_COMMON_BLOCKS = YES;
				GCC_OPTIMIZATION_LEVEL = 0;
				GCC_PREPROCESSOR_DEFINITIONS = (
					"DEBUG=1",
					"$(inherited)",
				);
				GCC_WARN_64_TO_32_BIT_CONVERSION = YES;
				GCC_WARN_ABOUT_RETURN_TYPE = YES_ERROR;
				GCC_WARN_UNDECLARED_SELECTOR = YES;
				GCC_WARN_UNINITIALIZED_AUTOS = YES_AGGRESSIVE;
				GCC_WARN_UNUSED_FUNCTION = YES;
				GCC_WARN_UNUSED_VARIABLE = YES;
				IPHONEOS_DEPLOYMENT_TARGET = 15.4;
				MTL_ENABLE_DEBUG_INFO = INCLUDE_SOURCE;
				MTL_FAST_MATH = YES;
				ONLY_ACTIVE_ARCH = YES;
				SDKROOT = iphoneos;
				SWIFT_ACTIVE_COMPILATION_CONDITIONS = DEBUG;
				SWIFT_OPTIMIZATION_LEVEL = "-Onone";
			};
			name = Debug;
		};
		3BABE3942813C45700A82DB6 /* Release */ = {
			isa = XCBuildConfiguration;
			buildSettings = {
				ALWAYS_SEARCH_USER_PATHS = NO;
				CLANG_ANALYZER_NONNULL = YES;
				CLANG_ANALYZER_NUMBER_OBJECT_CONVERSION = YES_AGGRESSIVE;
				CLANG_CXX_LANGUAGE_STANDARD = "gnu++17";
				CLANG_ENABLE_MODULES = YES;
				CLANG_ENABLE_OBJC_ARC = YES;
				CLANG_ENABLE_OBJC_WEAK = YES;
				CLANG_WARN_BLOCK_CAPTURE_AUTORELEASING = YES;
				CLANG_WARN_BOOL_CONVERSION = YES;
				CLANG_WARN_COMMA = YES;
				CLANG_WARN_CONSTANT_CONVERSION = YES;
				CLANG_WARN_DEPRECATED_OBJC_IMPLEMENTATIONS = YES;
				CLANG_WARN_DIRECT_OBJC_ISA_USAGE = YES_ERROR;
				CLANG_WARN_DOCUMENTATION_COMMENTS = YES;
				CLANG_WARN_EMPTY_BODY = YES;
				CLANG_WARN_ENUM_CONVERSION = YES;
				CLANG_WARN_INFINITE_RECURSION = YES;
				CLANG_WARN_INT_CONVERSION = YES;
				CLANG_WARN_NON_LITERAL_NULL_CONVERSION = YES;
				CLANG_WARN_OBJC_IMPLICIT_RETAIN_SELF = YES;
				CLANG_WARN_OBJC_LITERAL_CONVERSION = YES;
				CLANG_WARN_OBJC_ROOT_CLASS = YES_ERROR;
				CLANG_WARN_QUOTED_INCLUDE_IN_FRAMEWORK_HEADER = YES;
				CLANG_WARN_RANGE_LOOP_ANALYSIS = YES;
				CLANG_WARN_STRICT_PROTOTYPES = YES;
				CLANG_WARN_SUSPICIOUS_MOVE = YES;
				CLANG_WARN_UNGUARDED_AVAILABILITY = YES_AGGRESSIVE;
				CLANG_WARN_UNREACHABLE_CODE = YES;
				CLANG_WARN__DUPLICATE_METHOD_MATCH = YES;
				COPY_PHASE_STRIP = NO;
				DEBUG_INFORMATION_FORMAT = "dwarf-with-dsym";
				ENABLE_NS_ASSERTIONS = NO;
				ENABLE_STRICT_OBJC_MSGSEND = YES;
				GCC_C_LANGUAGE_STANDARD = gnu11;
				GCC_NO_COMMON_BLOCKS = YES;
				GCC_WARN_64_TO_32_BIT_CONVERSION = YES;
				GCC_WARN_ABOUT_RETURN_TYPE = YES_ERROR;
				GCC_WARN_UNDECLARED_SELECTOR = YES;
				GCC_WARN_UNINITIALIZED_AUTOS = YES_AGGRESSIVE;
				GCC_WARN_UNUSED_FUNCTION = YES;
				GCC_WARN_UNUSED_VARIABLE = YES;
				IPHONEOS_DEPLOYMENT_TARGET = 15.4;
				MTL_ENABLE_DEBUG_INFO = NO;
				MTL_FAST_MATH = YES;
				SDKROOT = iphoneos;
				SWIFT_COMPILATION_MODE = wholemodule;
				SWIFT_OPTIMIZATION_LEVEL = "-O";
				VALIDATE_PRODUCT = YES;
			};
			name = Release;
		};
		3BABE3962813C45700A82DB6 /* Debug */ = {
			isa = XCBuildConfiguration;
			buildSettings = {
				ASSETCATALOG_COMPILER_APPICON_NAME = AppIcon;
				ASSETCATALOG_COMPILER_GLOBAL_ACCENT_COLOR_NAME = AccentColor;
				CODE_SIGN_STYLE = Automatic;
				CURRENT_PROJECT_VERSION = 1;
				DEVELOPMENT_TEAM = 665TA4D5B9;
				GENERATE_INFOPLIST_FILE = YES;
				INFOPLIST_FILE = 3th_semina/Info.plist;
				INFOPLIST_KEY_UIApplicationSupportsIndirectInputEvents = YES;
				INFOPLIST_KEY_UILaunchStoryboardName = LaunchScreen;
				INFOPLIST_KEY_UIMainStoryboardFile = Main;
				INFOPLIST_KEY_UISupportedInterfaceOrientations_iPad = "UIInterfaceOrientationPortrait UIInterfaceOrientationPortraitUpsideDown UIInterfaceOrientationLandscapeLeft UIInterfaceOrientationLandscapeRight";
				INFOPLIST_KEY_UISupportedInterfaceOrientations_iPhone = "UIInterfaceOrientationPortrait UIInterfaceOrientationLandscapeLeft UIInterfaceOrientationLandscapeRight";
				LD_RUNPATH_SEARCH_PATHS = (
					"$(inherited)",
					"@executable_path/Frameworks",
				);
				MARKETING_VERSION = 1.0;
				PRODUCT_BUNDLE_IDENTIFIER = "org.sopt.-th-semina";
				PRODUCT_NAME = "$(TARGET_NAME)";
				SWIFT_EMIT_LOC_STRINGS = YES;
				SWIFT_VERSION = 5.0;
				TARGETED_DEVICE_FAMILY = "1,2";
			};
			name = Debug;
		};
		3BABE3972813C45700A82DB6 /* Release */ = {
			isa = XCBuildConfiguration;
			buildSettings = {
				ASSETCATALOG_COMPILER_APPICON_NAME = AppIcon;
				ASSETCATALOG_COMPILER_GLOBAL_ACCENT_COLOR_NAME = AccentColor;
				CODE_SIGN_STYLE = Automatic;
				CURRENT_PROJECT_VERSION = 1;
				DEVELOPMENT_TEAM = 665TA4D5B9;
				GENERATE_INFOPLIST_FILE = YES;
				INFOPLIST_FILE = 3th_semina/Info.plist;
				INFOPLIST_KEY_UIApplicationSupportsIndirectInputEvents = YES;
				INFOPLIST_KEY_UILaunchStoryboardName = LaunchScreen;
				INFOPLIST_KEY_UIMainStoryboardFile = Main;
				INFOPLIST_KEY_UISupportedInterfaceOrientations_iPad = "UIInterfaceOrientationPortrait UIInterfaceOrientationPortraitUpsideDown UIInterfaceOrientationLandscapeLeft UIInterfaceOrientationLandscapeRight";
				INFOPLIST_KEY_UISupportedInterfaceOrientations_iPhone = "UIInterfaceOrientationPortrait UIInterfaceOrientationLandscapeLeft UIInterfaceOrientationLandscapeRight";
				LD_RUNPATH_SEARCH_PATHS = (
					"$(inherited)",
					"@executable_path/Frameworks",
				);
				MARKETING_VERSION = 1.0;
				PRODUCT_BUNDLE_IDENTIFIER = "org.sopt.-th-semina";
				PRODUCT_NAME = "$(TARGET_NAME)";
				SWIFT_EMIT_LOC_STRINGS = YES;
				SWIFT_VERSION = 5.0;
				TARGETED_DEVICE_FAMILY = "1,2";
			};
			name = Release;
		};
/* End XCBuildConfiguration section */

/* Begin XCConfigurationList section */
		3BABE37C2813C45600A82DB6 /* Build configuration list for PBXProject "3th_semina" */ = {
			isa = XCConfigurationList;
			buildConfigurations = (
				3BABE3932813C45700A82DB6 /* Debug */,
				3BABE3942813C45700A82DB6 /* Release */,
			);
			defaultConfigurationIsVisible = 0;
			defaultConfigurationName = Release;
		};
		3BABE3952813C45700A82DB6 /* Build configuration list for PBXNativeTarget "3th_semina" */ = {
			isa = XCConfigurationList;
			buildConfigurations = (
				3BABE3962813C45700A82DB6 /* Debug */,
				3BABE3972813C45700A82DB6 /* Release */,
			);
			defaultConfigurationIsVisible = 0;
			defaultConfigurationName = Release;
		};
/* End XCConfigurationList section */
	};
	rootObject = 3BABE3792813C45600A82DB6 /* Project object */;
}
