// !$*UTF8*$!
{
	archiveVersion = 1;
	classes = {
	};
	objectVersion = 55;
	objects = {

/* Begin PBXBuildFile section */
		3B6DC4BF285B76130023FAE3 /* AppDelegate.swift in Sources */ = {isa = PBXBuildFile; fileRef = 3B6DC4BE285B76130023FAE3 /* AppDelegate.swift */; };
		3B6DC4C1285B76130023FAE3 /* SceneDelegate.swift in Sources */ = {isa = PBXBuildFile; fileRef = 3B6DC4C0285B76130023FAE3 /* SceneDelegate.swift */; };
		3B6DC4C3285B76130023FAE3 /* ViewController.swift in Sources */ = {isa = PBXBuildFile; fileRef = 3B6DC4C2285B76130023FAE3 /* ViewController.swift */; };
		3B6DC4C6285B76130023FAE3 /* Main.storyboard in Resources */ = {isa = PBXBuildFile; fileRef = 3B6DC4C4285B76130023FAE3 /* Main.storyboard */; };
		3B6DC4C8285B76140023FAE3 /* Assets.xcassets in Resources */ = {isa = PBXBuildFile; fileRef = 3B6DC4C7285B76140023FAE3 /* Assets.xcassets */; };
		3B6DC4CB285B76140023FAE3 /* LaunchScreen.storyboard in Resources */ = {isa = PBXBuildFile; fileRef = 3B6DC4C9285B76140023FAE3 /* LaunchScreen.storyboard */; };
		3B6DC4D7285B7F9F0023FAE3 /* HomeTab.storyboard in Resources */ = {isa = PBXBuildFile; fileRef = 3B6DC4D6285B7F9F0023FAE3 /* HomeTab.storyboard */; };
		3B6DC4D9285B7FA70023FAE3 /* ProfileTab.storyboard in Resources */ = {isa = PBXBuildFile; fileRef = 3B6DC4D8285B7FA70023FAE3 /* ProfileTab.storyboard */; };
		3B6DC4DB285B7FB60023FAE3 /* HomeTabVC.swift in Sources */ = {isa = PBXBuildFile; fileRef = 3B6DC4DA285B7FB60023FAE3 /* HomeTabVC.swift */; };
		3B6DC4DD285B7FC90023FAE3 /* ProfileTabVC.swift in Sources */ = {isa = PBXBuildFile; fileRef = 3B6DC4DC285B7FC90023FAE3 /* ProfileTabVC.swift */; };
		3B6DC4DF285B83340023FAE3 /* TabBarWithCode.storyboard in Resources */ = {isa = PBXBuildFile; fileRef = 3B6DC4DE285B83340023FAE3 /* TabBarWithCode.storyboard */; };
		3B6DC4E1285B83AD0023FAE3 /* TabBarWithCodeController.swift in Sources */ = {isa = PBXBuildFile; fileRef = 3B6DC4E0285B83AD0023FAE3 /* TabBarWithCodeController.swift */; };
		3B6DC4E3285B83D50023FAE3 /* BlueTabVC.swift in Sources */ = {isa = PBXBuildFile; fileRef = 3B6DC4E2285B83D50023FAE3 /* BlueTabVC.swift */; };
		3B6DC4E5285B83E80023FAE3 /* GreenTabVC.swift in Sources */ = {isa = PBXBuildFile; fileRef = 3B6DC4E4285B83E80023FAE3 /* GreenTabVC.swift */; };
/* End PBXBuildFile section */

/* Begin PBXFileReference section */
		3B6DC4BB285B76130023FAE3 /* 2nd_seminar.app */ = {isa = PBXFileReference; explicitFileType = wrapper.application; includeInIndex = 0; path = 2nd_seminar.app; sourceTree = BUILT_PRODUCTS_DIR; };
		3B6DC4BE285B76130023FAE3 /* AppDelegate.swift */ = {isa = PBXFileReference; lastKnownFileType = sourcecode.swift; path = AppDelegate.swift; sourceTree = "<group>"; };
		3B6DC4C0285B76130023FAE3 /* SceneDelegate.swift */ = {isa = PBXFileReference; lastKnownFileType = sourcecode.swift; path = SceneDelegate.swift; sourceTree = "<group>"; };
		3B6DC4C2285B76130023FAE3 /* ViewController.swift */ = {isa = PBXFileReference; lastKnownFileType = sourcecode.swift; path = ViewController.swift; sourceTree = "<group>"; };
		3B6DC4C5285B76130023FAE3 /* Base */ = {isa = PBXFileReference; lastKnownFileType = file.storyboard; name = Base; path = Base.lproj/Main.storyboard; sourceTree = "<group>"; };
		3B6DC4C7285B76140023FAE3 /* Assets.xcassets */ = {isa = PBXFileReference; lastKnownFileType = folder.assetcatalog; path = Assets.xcassets; sourceTree = "<group>"; };
		3B6DC4CA285B76140023FAE3 /* Base */ = {isa = PBXFileReference; lastKnownFileType = file.storyboard; name = Base; path = Base.lproj/LaunchScreen.storyboard; sourceTree = "<group>"; };
		3B6DC4CC285B76140023FAE3 /* Info.plist */ = {isa = PBXFileReference; lastKnownFileType = text.plist.xml; path = Info.plist; sourceTree = "<group>"; };
		3B6DC4D6285B7F9F0023FAE3 /* HomeTab.storyboard */ = {isa = PBXFileReference; lastKnownFileType = file.storyboard; path = HomeTab.storyboard; sourceTree = "<group>"; };
		3B6DC4D8285B7FA70023FAE3 /* ProfileTab.storyboard */ = {isa = PBXFileReference; lastKnownFileType = file.storyboard; path = ProfileTab.storyboard; sourceTree = "<group>"; };
		3B6DC4DA285B7FB60023FAE3 /* HomeTabVC.swift */ = {isa = PBXFileReference; lastKnownFileType = sourcecode.swift; path = HomeTabVC.swift; sourceTree = "<group>"; };
		3B6DC4DC285B7FC90023FAE3 /* ProfileTabVC.swift */ = {isa = PBXFileReference; lastKnownFileType = sourcecode.swift; path = ProfileTabVC.swift; sourceTree = "<group>"; };
		3B6DC4DE285B83340023FAE3 /* TabBarWithCode.storyboard */ = {isa = PBXFileReference; lastKnownFileType = file.storyboard; path = TabBarWithCode.storyboard; sourceTree = "<group>"; };
		3B6DC4E0285B83AD0023FAE3 /* TabBarWithCodeController.swift */ = {isa = PBXFileReference; lastKnownFileType = sourcecode.swift; path = TabBarWithCodeController.swift; sourceTree = "<group>"; };
		3B6DC4E2285B83D50023FAE3 /* BlueTabVC.swift */ = {isa = PBXFileReference; lastKnownFileType = sourcecode.swift; path = BlueTabVC.swift; sourceTree = "<group>"; };
		3B6DC4E4285B83E80023FAE3 /* GreenTabVC.swift */ = {isa = PBXFileReference; lastKnownFileType = sourcecode.swift; path = GreenTabVC.swift; sourceTree = "<group>"; };
/* End PBXFileReference section */

/* Begin PBXFrameworksBuildPhase section */
		3B6DC4B8285B76130023FAE3 /* Frameworks */ = {
			isa = PBXFrameworksBuildPhase;
			buildActionMask = 2147483647;
			files = (
			);
			runOnlyForDeploymentPostprocessing = 0;
		};
/* End PBXFrameworksBuildPhase section */

/* Begin PBXGroup section */
		3B6DC4B2285B76130023FAE3 = {
			isa = PBXGroup;
			children = (
				3B6DC4BD285B76130023FAE3 /* 2nd_seminar */,
				3B6DC4BC285B76130023FAE3 /* Products */,
			);
			sourceTree = "<group>";
		};
		3B6DC4BC285B76130023FAE3 /* Products */ = {
			isa = PBXGroup;
			children = (
				3B6DC4BB285B76130023FAE3 /* 2nd_seminar.app */,
			);
			name = Products;
			sourceTree = "<group>";
		};
		3B6DC4BD285B76130023FAE3 /* 2nd_seminar */ = {
			isa = PBXGroup;
			children = (
				3B6DC4D3285B76710023FAE3 /* Scene */,
				3B6DC4D2285B76610023FAE3 /* Delegate */,
				3B6DC4C7285B76140023FAE3 /* Assets.xcassets */,
				3B6DC4CC285B76140023FAE3 /* Info.plist */,
			);
			path = 2nd_seminar;
			sourceTree = "<group>";
		};
		3B6DC4D2285B76610023FAE3 /* Delegate */ = {
			isa = PBXGroup;
			children = (
				3B6DC4BE285B76130023FAE3 /* AppDelegate.swift */,
				3B6DC4C0285B76130023FAE3 /* SceneDelegate.swift */,
			);
			path = Delegate;
			sourceTree = "<group>";
		};
		3B6DC4D3285B76710023FAE3 /* Scene */ = {
			isa = PBXGroup;
			children = (
				3B6DC4D5285B76910023FAE3 /* VC */,
				3B6DC4D4285B76840023FAE3 /* Storyboard */,
			);
			path = Scene;
			sourceTree = "<group>";
		};
		3B6DC4D4285B76840023FAE3 /* Storyboard */ = {
			isa = PBXGroup;
			children = (
				3B6DC4C4285B76130023FAE3 /* Main.storyboard */,
				3B6DC4C9285B76140023FAE3 /* LaunchScreen.storyboard */,
				3B6DC4D6285B7F9F0023FAE3 /* HomeTab.storyboard */,
				3B6DC4D8285B7FA70023FAE3 /* ProfileTab.storyboard */,
				3B6DC4DE285B83340023FAE3 /* TabBarWithCode.storyboard */,
			);
			path = Storyboard;
			sourceTree = "<group>";
		};
		3B6DC4D5285B76910023FAE3 /* VC */ = {
			isa = PBXGroup;
			children = (
				3B6DC4C2285B76130023FAE3 /* ViewController.swift */,
				3B6DC4DA285B7FB60023FAE3 /* HomeTabVC.swift */,
				3B6DC4DC285B7FC90023FAE3 /* ProfileTabVC.swift */,
				3B6DC4E0285B83AD0023FAE3 /* TabBarWithCodeController.swift */,
				3B6DC4E2285B83D50023FAE3 /* BlueTabVC.swift */,
				3B6DC4E4285B83E80023FAE3 /* GreenTabVC.swift */,
			);
			path = VC;
			sourceTree = "<group>";
		};
/* End PBXGroup section */

/* Begin PBXNativeTarget section */
		3B6DC4BA285B76130023FAE3 /* 2nd_seminar */ = {
			isa = PBXNativeTarget;
			buildConfigurationList = 3B6DC4CF285B76140023FAE3 /* Build configuration list for PBXNativeTarget "2nd_seminar" */;
			buildPhases = (
				3B6DC4B7285B76130023FAE3 /* Sources */,
				3B6DC4B8285B76130023FAE3 /* Frameworks */,
				3B6DC4B9285B76130023FAE3 /* Resources */,
			);
			buildRules = (
			);
			dependencies = (
			);
			name = 2nd_seminar;
			productName = 2nd_seminar;
			productReference = 3B6DC4BB285B76130023FAE3 /* 2nd_seminar.app */;
			productType = "com.apple.product-type.application";
		};
/* End PBXNativeTarget section */

/* Begin PBXProject section */
		3B6DC4B3285B76130023FAE3 /* Project object */ = {
			isa = PBXProject;
			attributes = {
				BuildIndependentTargetsInParallel = 1;
				LastSwiftUpdateCheck = 1340;
				LastUpgradeCheck = 1340;
				TargetAttributes = {
					3B6DC4BA285B76130023FAE3 = {
						CreatedOnToolsVersion = 13.4;
					};
				};
			};
			buildConfigurationList = 3B6DC4B6285B76130023FAE3 /* Build configuration list for PBXProject "2nd_seminar" */;
			compatibilityVersion = "Xcode 13.0";
			developmentRegion = en;
			hasScannedForEncodings = 0;
			knownRegions = (
				en,
				Base,
			);
			mainGroup = 3B6DC4B2285B76130023FAE3;
			productRefGroup = 3B6DC4BC285B76130023FAE3 /* Products */;
			projectDirPath = "";
			projectRoot = "";
			targets = (
				3B6DC4BA285B76130023FAE3 /* 2nd_seminar */,
			);
		};
/* End PBXProject section */

/* Begin PBXResourcesBuildPhase section */
		3B6DC4B9285B76130023FAE3 /* Resources */ = {
			isa = PBXResourcesBuildPhase;
			buildActionMask = 2147483647;
			files = (
				3B6DC4CB285B76140023FAE3 /* LaunchScreen.storyboard in Resources */,
				3B6DC4DF285B83340023FAE3 /* TabBarWithCode.storyboard in Resources */,
				3B6DC4C8285B76140023FAE3 /* Assets.xcassets in Resources */,
				3B6DC4D9285B7FA70023FAE3 /* ProfileTab.storyboard in Resources */,
				3B6DC4C6285B76130023FAE3 /* Main.storyboard in Resources */,
				3B6DC4D7285B7F9F0023FAE3 /* HomeTab.storyboard in Resources */,
			);
			runOnlyForDeploymentPostprocessing = 0;
		};
/* End PBXResourcesBuildPhase section */

/* Begin PBXSourcesBuildPhase section */
		3B6DC4B7285B76130023FAE3 /* Sources */ = {
			isa = PBXSourcesBuildPhase;
			buildActionMask = 2147483647;
			files = (
				3B6DC4E1285B83AD0023FAE3 /* TabBarWithCodeController.swift in Sources */,
				3B6DC4DD285B7FC90023FAE3 /* ProfileTabVC.swift in Sources */,
				3B6DC4C3285B76130023FAE3 /* ViewController.swift in Sources */,
				3B6DC4DB285B7FB60023FAE3 /* HomeTabVC.swift in Sources */,
				3B6DC4E5285B83E80023FAE3 /* GreenTabVC.swift in Sources */,
				3B6DC4BF285B76130023FAE3 /* AppDelegate.swift in Sources */,
				3B6DC4C1285B76130023FAE3 /* SceneDelegate.swift in Sources */,
				3B6DC4E3285B83D50023FAE3 /* BlueTabVC.swift in Sources */,
			);
			runOnlyForDeploymentPostprocessing = 0;
		};
/* End PBXSourcesBuildPhase section */

/* Begin PBXVariantGroup section */
		3B6DC4C4285B76130023FAE3 /* Main.storyboard */ = {
			isa = PBXVariantGroup;
			children = (
				3B6DC4C5285B76130023FAE3 /* Base */,
			);
			name = Main.storyboard;
			sourceTree = "<group>";
		};
		3B6DC4C9285B76140023FAE3 /* LaunchScreen.storyboard */ = {
			isa = PBXVariantGroup;
			children = (
				3B6DC4CA285B76140023FAE3 /* Base */,
			);
			name = LaunchScreen.storyboard;
			sourceTree = "<group>";
		};
/* End PBXVariantGroup section */

/* Begin XCBuildConfiguration section */
		3B6DC4CD285B76140023FAE3 /* Debug */ = {
			isa = XCBuildConfiguration;
			buildSettings = {
				ALWAYS_SEARCH_USER_PATHS = NO;
				CLANG_ANALYZER_NONNULL = YES;
				CLANG_ANALYZER_NUMBER_OBJECT_CONVERSION = YES_AGGRESSIVE;
				CLANG_CXX_LANGUAGE_STANDARD = "gnu++17";
				CLANG_ENABLE_MODULES = YES;
				CLANG_ENABLE_OBJC_ARC = YES;
				CLANG_ENABLE_OBJC_WEAK = YES;
				CLANG_WARN_BLOCK_CAPTURE_AUTORELEASING = YES;
				CLANG_WARN_BOOL_CONVERSION = YES;
				CLANG_WARN_COMMA = YES;
				CLANG_WARN_CONSTANT_CONVERSION = YES;
				CLANG_WARN_DEPRECATED_OBJC_IMPLEMENTATIONS = YES;
				CLANG_WARN_DIRECT_OBJC_ISA_USAGE = YES_ERROR;
				CLANG_WARN_DOCUMENTATION_COMMENTS = YES;
				CLANG_WARN_EMPTY_BODY = YES;
				CLANG_WARN_ENUM_CONVERSION = YES;
				CLANG_WARN_INFINITE_RECURSION = YES;
				CLANG_WARN_INT_CONVERSION = YES;
				CLANG_WARN_NON_LITERAL_NULL_CONVERSION = YES;
				CLANG_WARN_OBJC_IMPLICIT_RETAIN_SELF = YES;
				CLANG_WARN_OBJC_LITERAL_CONVERSION = YES;
				CLANG_WARN_OBJC_ROOT_CLASS = YES_ERROR;
				CLANG_WARN_QUOTED_INCLUDE_IN_FRAMEWORK_HEADER = YES;
				CLANG_WARN_RANGE_LOOP_ANALYSIS = YES;
				CLANG_WARN_STRICT_PROTOTYPES = YES;
				CLANG_WARN_SUSPICIOUS_MOVE = YES;
				CLANG_WARN_UNGUARDED_AVAILABILITY = YES_AGGRESSIVE;
				CLANG_WARN_UNREACHABLE_CODE = YES;
				CLANG_WARN__DUPLICATE_METHOD_MATCH = YES;
				COPY_PHASE_STRIP = NO;
				DEBUG_INFORMATION_FORMAT = dwarf;
				ENABLE_STRICT_OBJC_MSGSEND = YES;
				ENABLE_TESTABILITY = YES;
				GCC_C_LANGUAGE_STANDARD = gnu11;
				GCC_DYNAMIC_NO_PIC = NO;
				GCC_NO_COMMON_BLOCKS = YES;
				GCC_OPTIMIZATION_LEVEL = 0;
				GCC_PREPROCESSOR_DEFINITIONS = (
					"DEBUG=1",
					"$(inherited)",
				);
				GCC_WARN_64_TO_32_BIT_CONVERSION = YES;
				GCC_WARN_ABOUT_RETURN_TYPE = YES_ERROR;
				GCC_WARN_UNDECLARED_SELECTOR = YES;
				GCC_WARN_UNINITIALIZED_AUTOS = YES_AGGRESSIVE;
				GCC_WARN_UNUSED_FUNCTION = YES;
				GCC_WARN_UNUSED_VARIABLE = YES;
				IPHONEOS_DEPLOYMENT_TARGET = 15.5;
				MTL_ENABLE_DEBUG_INFO = INCLUDE_SOURCE;
				MTL_FAST_MATH = YES;
				ONLY_ACTIVE_ARCH = YES;
				SDKROOT = iphoneos;
				SWIFT_ACTIVE_COMPILATION_CONDITIONS = DEBUG;
				SWIFT_OPTIMIZATION_LEVEL = "-Onone";
			};
			name = Debug;
		};
		3B6DC4CE285B76140023FAE3 /* Release */ = {
			isa = XCBuildConfiguration;
			buildSettings = {
				ALWAYS_SEARCH_USER_PATHS = NO;
				CLANG_ANALYZER_NONNULL = YES;
				CLANG_ANALYZER_NUMBER_OBJECT_CONVERSION = YES_AGGRESSIVE;
				CLANG_CXX_LANGUAGE_STANDARD = "gnu++17";
				CLANG_ENABLE_MODULES = YES;
				CLANG_ENABLE_OBJC_ARC = YES;
				CLANG_ENABLE_OBJC_WEAK = YES;
				CLANG_WARN_BLOCK_CAPTURE_AUTORELEASING = YES;
				CLANG_WARN_BOOL_CONVERSION = YES;
				CLANG_WARN_COMMA = YES;
				CLANG_WARN_CONSTANT_CONVERSION = YES;
				CLANG_WARN_DEPRECATED_OBJC_IMPLEMENTATIONS = YES;
				CLANG_WARN_DIRECT_OBJC_ISA_USAGE = YES_ERROR;
				CLANG_WARN_DOCUMENTATION_COMMENTS = YES;
				CLANG_WARN_EMPTY_BODY = YES;
				CLANG_WARN_ENUM_CONVERSION = YES;
				CLANG_WARN_INFINITE_RECURSION = YES;
				CLANG_WARN_INT_CONVERSION = YES;
				CLANG_WARN_NON_LITERAL_NULL_CONVERSION = YES;
				CLANG_WARN_OBJC_IMPLICIT_RETAIN_SELF = YES;
				CLANG_WARN_OBJC_LITERAL_CONVERSION = YES;
				CLANG_WARN_OBJC_ROOT_CLASS = YES_ERROR;
				CLANG_WARN_QUOTED_INCLUDE_IN_FRAMEWORK_HEADER = YES;
				CLANG_WARN_RANGE_LOOP_ANALYSIS = YES;
				CLANG_WARN_STRICT_PROTOTYPES = YES;
				CLANG_WARN_SUSPICIOUS_MOVE = YES;
				CLANG_WARN_UNGUARDED_AVAILABILITY = YES_AGGRESSIVE;
				CLANG_WARN_UNREACHABLE_CODE = YES;
				CLANG_WARN__DUPLICATE_METHOD_MATCH = YES;
				COPY_PHASE_STRIP = NO;
				DEBUG_INFORMATION_FORMAT = "dwarf-with-dsym";
				ENABLE_NS_ASSERTIONS = NO;
				ENABLE_STRICT_OBJC_MSGSEND = YES;
				GCC_C_LANGUAGE_STANDARD = gnu11;
				GCC_NO_COMMON_BLOCKS = YES;
				GCC_WARN_64_TO_32_BIT_CONVERSION = YES;
				GCC_WARN_ABOUT_RETURN_TYPE = YES_ERROR;
				GCC_WARN_UNDECLARED_SELECTOR = YES;
				GCC_WARN_UNINITIALIZED_AUTOS = YES_AGGRESSIVE;
				GCC_WARN_UNUSED_FUNCTION = YES;
				GCC_WARN_UNUSED_VARIABLE = YES;
				IPHONEOS_DEPLOYMENT_TARGET = 15.5;
				MTL_ENABLE_DEBUG_INFO = NO;
				MTL_FAST_MATH = YES;
				SDKROOT = iphoneos;
				SWIFT_COMPILATION_MODE = wholemodule;
				SWIFT_OPTIMIZATION_LEVEL = "-O";
				VALIDATE_PRODUCT = YES;
			};
			name = Release;
		};
		3B6DC4D0285B76140023FAE3 /* Debug */ = {
			isa = XCBuildConfiguration;
			buildSettings = {
				ASSETCATALOG_COMPILER_APPICON_NAME = AppIcon;
				ASSETCATALOG_COMPILER_GLOBAL_ACCENT_COLOR_NAME = AccentColor;
				CODE_SIGN_STYLE = Automatic;
				CURRENT_PROJECT_VERSION = 1;
				DEVELOPMENT_TEAM = 665TA4D5B9;
				GENERATE_INFOPLIST_FILE = YES;
				INFOPLIST_FILE = 2nd_seminar/Info.plist;
				INFOPLIST_KEY_UIApplicationSupportsIndirectInputEvents = YES;
				INFOPLIST_KEY_UILaunchStoryboardName = LaunchScreen;
				INFOPLIST_KEY_UIMainStoryboardFile = Main;
				INFOPLIST_KEY_UISupportedInterfaceOrientations_iPad = "UIInterfaceOrientationPortrait UIInterfaceOrientationPortraitUpsideDown UIInterfaceOrientationLandscapeLeft UIInterfaceOrientationLandscapeRight";
				INFOPLIST_KEY_UISupportedInterfaceOrientations_iPhone = "UIInterfaceOrientationPortrait UIInterfaceOrientationLandscapeLeft UIInterfaceOrientationLandscapeRight";
				LD_RUNPATH_SEARCH_PATHS = (
					"$(inherited)",
					"@executable_path/Frameworks",
				);
				MARKETING_VERSION = 1.0;
				PRODUCT_BUNDLE_IDENTIFIER = "org.sopt.-nd-seminar";
				PRODUCT_NAME = "$(TARGET_NAME)";
				SWIFT_EMIT_LOC_STRINGS = YES;
				SWIFT_VERSION = 5.0;
				TARGETED_DEVICE_FAMILY = "1,2";
			};
			name = Debug;
		};
		3B6DC4D1285B76140023FAE3 /* Release */ = {
			isa = XCBuildConfiguration;
			buildSettings = {
				ASSETCATALOG_COMPILER_APPICON_NAME = AppIcon;
				ASSETCATALOG_COMPILER_GLOBAL_ACCENT_COLOR_NAME = AccentColor;
				CODE_SIGN_STYLE = Automatic;
				CURRENT_PROJECT_VERSION = 1;
				DEVELOPMENT_TEAM = 665TA4D5B9;
				GENERATE_INFOPLIST_FILE = YES;
				INFOPLIST_FILE = 2nd_seminar/Info.plist;
				INFOPLIST_KEY_UIApplicationSupportsIndirectInputEvents = YES;
				INFOPLIST_KEY_UILaunchStoryboardName = LaunchScreen;
				INFOPLIST_KEY_UIMainStoryboardFile = Main;
				INFOPLIST_KEY_UISupportedInterfaceOrientations_iPad = "UIInterfaceOrientationPortrait UIInterfaceOrientationPortraitUpsideDown UIInterfaceOrientationLandscapeLeft UIInterfaceOrientationLandscapeRight";
				INFOPLIST_KEY_UISupportedInterfaceOrientations_iPhone = "UIInterfaceOrientationPortrait UIInterfaceOrientationLandscapeLeft UIInterfaceOrientationLandscapeRight";
				LD_RUNPATH_SEARCH_PATHS = (
					"$(inherited)",
					"@executable_path/Frameworks",
				);
				MARKETING_VERSION = 1.0;
				PRODUCT_BUNDLE_IDENTIFIER = "org.sopt.-nd-seminar";
				PRODUCT_NAME = "$(TARGET_NAME)";
				SWIFT_EMIT_LOC_STRINGS = YES;
				SWIFT_VERSION = 5.0;
				TARGETED_DEVICE_FAMILY = "1,2";
			};
			name = Release;
		};
/* End XCBuildConfiguration section */

/* Begin XCConfigurationList section */
		3B6DC4B6285B76130023FAE3 /* Build configuration list for PBXProject "2nd_seminar" */ = {
			isa = XCConfigurationList;
			buildConfigurations = (
				3B6DC4CD285B76140023FAE3 /* Debug */,
				3B6DC4CE285B76140023FAE3 /* Release */,
			);
			defaultConfigurationIsVisible = 0;
			defaultConfigurationName = Release;
		};
		3B6DC4CF285B76140023FAE3 /* Build configuration list for PBXNativeTarget "2nd_seminar" */ = {
			isa = XCConfigurationList;
			buildConfigurations = (
				3B6DC4D0285B76140023FAE3 /* Debug */,
				3B6DC4D1285B76140023FAE3 /* Release */,
			);
			defaultConfigurationIsVisible = 0;
			defaultConfigurationName = Release;
		};
/* End XCConfigurationList section */
	};
	rootObject = 3B6DC4B3285B76130023FAE3 /* Project object */;
}
